// !$*UTF8*$!
{
	archiveVersion = 1;
	classes = {
	};
	objectVersion = 46;
	objects = {

/* Begin PBXBuildFile section */
		853CB8861D41D266009C99DB /* ThirdViewControlerViewController.swift in Sources */ = {isa = PBXBuildFile; fileRef = 853CB8851D41D266009C99DB /* ThirdViewControlerViewController.swift */; };
		853CB8881D41DA91009C99DB /* FourthViewController.swift in Sources */ = {isa = PBXBuildFile; fileRef = 853CB8871D41DA91009C99DB /* FourthViewController.swift */; };
		9AA9EF151D3DBD6F00593E98 /* AppDelegate.swift in Sources */ = {isa = PBXBuildFile; fileRef = 9AA9EF141D3DBD6F00593E98 /* AppDelegate.swift */; };
		9AA9EF171D3DBD6F00593E98 /* ViewController.swift in Sources */ = {isa = PBXBuildFile; fileRef = 9AA9EF161D3DBD6F00593E98 /* ViewController.swift */; };
		9AA9EF1A1D3DBD6F00593E98 /* Main.storyboard in Resources */ = {isa = PBXBuildFile; fileRef = 9AA9EF181D3DBD6F00593E98 /* Main.storyboard */; };
		9AA9EF1C1D3DBD6F00593E98 /* Assets.xcassets in Resources */ = {isa = PBXBuildFile; fileRef = 9AA9EF1B1D3DBD6F00593E98 /* Assets.xcassets */; };
		9AA9EF1F1D3DBD6F00593E98 /* LaunchScreen.storyboard in Resources */ = {isa = PBXBuildFile; fileRef = 9AA9EF1D1D3DBD6F00593E98 /* LaunchScreen.storyboard */; };
		9AA9EF2A1D3DBD6F00593E98 /* PizzaTests.swift in Sources */ = {isa = PBXBuildFile; fileRef = 9AA9EF291D3DBD6F00593E98 /* PizzaTests.swift */; };
		9AA9EF351D3DBD6F00593E98 /* PizzaUITests.swift in Sources */ = {isa = PBXBuildFile; fileRef = 9AA9EF341D3DBD6F00593E98 /* PizzaUITests.swift */; };
		9AC852561D41A50B0052A947 /* SecondViewController.swift in Sources */ = {isa = PBXBuildFile; fileRef = 9AC852551D41A50B0052A947 /* SecondViewController.swift */; };
		9AC852581D41AFF80052A947 /* CustomerOrder.swift in Sources */ = {isa = PBXBuildFile; fileRef = 9AC852571D41AFF80052A947 /* CustomerOrder.swift */; };
/* End PBXBuildFile section */

/* Begin PBXContainerItemProxy section */
		9AA9EF261D3DBD6F00593E98 /* PBXContainerItemProxy */ = {
			isa = PBXContainerItemProxy;
			containerPortal = 9AA9EF091D3DBD6E00593E98 /* Project object */;
			proxyType = 1;
			remoteGlobalIDString = 9AA9EF101D3DBD6E00593E98;
			remoteInfo = Pizza;
		};
		9AA9EF311D3DBD6F00593E98 /* PBXContainerItemProxy */ = {
			isa = PBXContainerItemProxy;
			containerPortal = 9AA9EF091D3DBD6E00593E98 /* Project object */;
			proxyType = 1;
			remoteGlobalIDString = 9AA9EF101D3DBD6E00593E98;
			remoteInfo = Pizza;
		};
/* End PBXContainerItemProxy section */

/* Begin PBXFileReference section */
		853CB8851D41D266009C99DB /* ThirdViewControlerViewController.swift */ = {isa = PBXFileReference; fileEncoding = 4; lastKnownFileType = sourcecode.swift; path = ThirdViewControlerViewController.swift; sourceTree = "<group>"; };
		853CB8871D41DA91009C99DB /* FourthViewController.swift */ = {isa = PBXFileReference; fileEncoding = 4; lastKnownFileType = sourcecode.swift; path = FourthViewController.swift; sourceTree = "<group>"; };
		9AA9EF111D3DBD6F00593E98 /* Pizza.app */ = {isa = PBXFileReference; explicitFileType = wrapper.application; includeInIndex = 0; path = Pizza.app; sourceTree = BUILT_PRODUCTS_DIR; };
		9AA9EF141D3DBD6F00593E98 /* AppDelegate.swift */ = {isa = PBXFileReference; lastKnownFileType = sourcecode.swift; path = AppDelegate.swift; sourceTree = "<group>"; };
		9AA9EF161D3DBD6F00593E98 /* ViewController.swift */ = {isa = PBXFileReference; lastKnownFileType = sourcecode.swift; path = ViewController.swift; sourceTree = "<group>"; };
		9AA9EF191D3DBD6F00593E98 /* Base */ = {isa = PBXFileReference; lastKnownFileType = file.storyboard; name = Base; path = Base.lproj/Main.storyboard; sourceTree = "<group>"; };
		9AA9EF1B1D3DBD6F00593E98 /* Assets.xcassets */ = {isa = PBXFileReference; lastKnownFileType = folder.assetcatalog; path = Assets.xcassets; sourceTree = "<group>"; };
		9AA9EF1E1D3DBD6F00593E98 /* Base */ = {isa = PBXFileReference; lastKnownFileType = file.storyboard; name = Base; path = Base.lproj/LaunchScreen.storyboard; sourceTree = "<group>"; };
		9AA9EF201D3DBD6F00593E98 /* Info.plist */ = {isa = PBXFileReference; lastKnownFileType = text.plist.xml; path = Info.plist; sourceTree = "<group>"; };
		9AA9EF251D3DBD6F00593E98 /* PizzaTests.xctest */ = {isa = PBXFileReference; explicitFileType = wrapper.cfbundle; includeInIndex = 0; path = PizzaTests.xctest; sourceTree = BUILT_PRODUCTS_DIR; };
		9AA9EF291D3DBD6F00593E98 /* PizzaTests.swift */ = {isa = PBXFileReference; lastKnownFileType = sourcecode.swift; path = PizzaTests.swift; sourceTree = "<group>"; };
		9AA9EF2B1D3DBD6F00593E98 /* Info.plist */ = {isa = PBXFileReference; lastKnownFileType = text.plist.xml; path = Info.plist; sourceTree = "<group>"; };
		9AA9EF301D3DBD6F00593E98 /* PizzaUITests.xctest */ = {isa = PBXFileReference; explicitFileType = wrapper.cfbundle; includeInIndex = 0; path = PizzaUITests.xctest; sourceTree = BUILT_PRODUCTS_DIR; };
		9AA9EF341D3DBD6F00593E98 /* PizzaUITests.swift */ = {isa = PBXFileReference; lastKnownFileType = sourcecode.swift; path = PizzaUITests.swift; sourceTree = "<group>"; };
		9AA9EF361D3DBD6F00593E98 /* Info.plist */ = {isa = PBXFileReference; lastKnownFileType = text.plist.xml; path = Info.plist; sourceTree = "<group>"; };
		9AC852551D41A50B0052A947 /* SecondViewController.swift */ = {isa = PBXFileReference; fileEncoding = 4; lastKnownFileType = sourcecode.swift; path = SecondViewController.swift; sourceTree = "<group>"; };
		9AC852571D41AFF80052A947 /* CustomerOrder.swift */ = {isa = PBXFileReference; fileEncoding = 4; lastKnownFileType = sourcecode.swift; path = CustomerOrder.swift; sourceTree = "<group>"; };
/* End PBXFileReference section */

/* Begin PBXFrameworksBuildPhase section */
		9AA9EF0E1D3DBD6E00593E98 /* Frameworks */ = {
			isa = PBXFrameworksBuildPhase;
			buildActionMask = 2147483647;
			files = (
			);
			runOnlyForDeploymentPostprocessing = 0;
		};
		9AA9EF221D3DBD6F00593E98 /* Frameworks */ = {
			isa = PBXFrameworksBuildPhase;
			buildActionMask = 2147483647;
			files = (
			);
			runOnlyForDeploymentPostprocessing = 0;
		};
		9AA9EF2D1D3DBD6F00593E98 /* Frameworks */ = {
			isa = PBXFrameworksBuildPhase;
			buildActionMask = 2147483647;
			files = (
			);
			runOnlyForDeploymentPostprocessing = 0;
		};
/* End PBXFrameworksBuildPhase section */

/* Begin PBXGroup section */
		9AA9EF081D3DBD6E00593E98 = {
			isa = PBXGroup;
			children = (
				9AA9EF131D3DBD6F00593E98 /* Pizza */,
				9AA9EF281D3DBD6F00593E98 /* PizzaTests */,
				9AA9EF331D3DBD6F00593E98 /* PizzaUITests */,
				9AA9EF121D3DBD6F00593E98 /* Products */,
			);
			sourceTree = "<group>";
		};
		9AA9EF121D3DBD6F00593E98 /* Products */ = {
			isa = PBXGroup;
			children = (
				9AA9EF111D3DBD6F00593E98 /* Pizza.app */,
				9AA9EF251D3DBD6F00593E98 /* PizzaTests.xctest */,
				9AA9EF301D3DBD6F00593E98 /* PizzaUITests.xctest */,
			);
			name = Products;
			sourceTree = "<group>";
		};
		9AA9EF131D3DBD6F00593E98 /* Pizza */ = {
			isa = PBXGroup;
			children = (
				9AA9EF141D3DBD6F00593E98 /* AppDelegate.swift */,
				9AA9EF161D3DBD6F00593E98 /* ViewController.swift */,
				9AA9EF181D3DBD6F00593E98 /* Main.storyboard */,
				853CB8851D41D266009C99DB /* ThirdViewControlerViewController.swift */,
				9AC852571D41AFF80052A947 /* CustomerOrder.swift */,
				9AC852551D41A50B0052A947 /* SecondViewController.swift */,
				9AA9EF1B1D3DBD6F00593E98 /* Assets.xcassets */,
				853CB8871D41DA91009C99DB /* FourthViewController.swift */,
				9AA9EF1D1D3DBD6F00593E98 /* LaunchScreen.storyboard */,
				9AA9EF201D3DBD6F00593E98 /* Info.plist */,
			);
			path = Pizza;
			sourceTree = "<group>";
		};
		9AA9EF281D3DBD6F00593E98 /* PizzaTests */ = {
			isa = PBXGroup;
			children = (
				9AA9EF291D3DBD6F00593E98 /* PizzaTests.swift */,
				9AA9EF2B1D3DBD6F00593E98 /* Info.plist */,
			);
			path = PizzaTests;
			sourceTree = "<group>";
		};
		9AA9EF331D3DBD6F00593E98 /* PizzaUITests */ = {
			isa = PBXGroup;
			children = (
				9AA9EF341D3DBD6F00593E98 /* PizzaUITests.swift */,
				9AA9EF361D3DBD6F00593E98 /* Info.plist */,
			);
			path = PizzaUITests;
			sourceTree = "<group>";
		};
/* End PBXGroup section */

/* Begin PBXNativeTarget section */
		9AA9EF101D3DBD6E00593E98 /* Pizza */ = {
			isa = PBXNativeTarget;
			buildConfigurationList = 9AA9EF391D3DBD6F00593E98 /* Build configuration list for PBXNativeTarget "Pizza" */;
			buildPhases = (
				9AA9EF0D1D3DBD6E00593E98 /* Sources */,
				9AA9EF0E1D3DBD6E00593E98 /* Frameworks */,
				9AA9EF0F1D3DBD6E00593E98 /* Resources */,
			);
			buildRules = (
			);
			dependencies = (
			);
			name = Pizza;
			productName = Pizza;
			productReference = 9AA9EF111D3DBD6F00593E98 /* Pizza.app */;
			productType = "com.apple.product-type.application";
		};
		9AA9EF241D3DBD6F00593E98 /* PizzaTests */ = {
			isa = PBXNativeTarget;
			buildConfigurationList = 9AA9EF3C1D3DBD6F00593E98 /* Build configuration list for PBXNativeTarget "PizzaTests" */;
			buildPhases = (
				9AA9EF211D3DBD6F00593E98 /* Sources */,
				9AA9EF221D3DBD6F00593E98 /* Frameworks */,
				9AA9EF231D3DBD6F00593E98 /* Resources */,
			);
			buildRules = (
			);
			dependencies = (
				9AA9EF271D3DBD6F00593E98 /* PBXTargetDependency */,
			);
			name = PizzaTests;
			productName = PizzaTests;
			productReference = 9AA9EF251D3DBD6F00593E98 /* PizzaTests.xctest */;
			productType = "com.apple.product-type.bundle.unit-test";
		};
		9AA9EF2F1D3DBD6F00593E98 /* PizzaUITests */ = {
			isa = PBXNativeTarget;
			buildConfigurationList = 9AA9EF3F1D3DBD6F00593E98 /* Build configuration list for PBXNativeTarget "PizzaUITests" */;
			buildPhases = (
				9AA9EF2C1D3DBD6F00593E98 /* Sources */,
				9AA9EF2D1D3DBD6F00593E98 /* Frameworks */,
				9AA9EF2E1D3DBD6F00593E98 /* Resources */,
			);
			buildRules = (
			);
			dependencies = (
				9AA9EF321D3DBD6F00593E98 /* PBXTargetDependency */,
			);
			name = PizzaUITests;
			productName = PizzaUITests;
			productReference = 9AA9EF301D3DBD6F00593E98 /* PizzaUITests.xctest */;
			productType = "com.apple.product-type.bundle.ui-testing";
		};
/* End PBXNativeTarget section */

/* Begin PBXProject section */
		9AA9EF091D3DBD6E00593E98 /* Project object */ = {
			isa = PBXProject;
			attributes = {
				LastSwiftUpdateCheck = 0730;
				LastUpgradeCheck = 0730;
				ORGANIZATIONNAME = "Denise Banh";
				TargetAttributes = {
					9AA9EF101D3DBD6E00593E98 = {
						CreatedOnToolsVersion = 7.3.1;
					};
					9AA9EF241D3DBD6F00593E98 = {
						CreatedOnToolsVersion = 7.3.1;
						TestTargetID = 9AA9EF101D3DBD6E00593E98;
					};
					9AA9EF2F1D3DBD6F00593E98 = {
						CreatedOnToolsVersion = 7.3.1;
						TestTargetID = 9AA9EF101D3DBD6E00593E98;
					};
				};
			};
			buildConfigurationList = 9AA9EF0C1D3DBD6E00593E98 /* Build configuration list for PBXProject "Pizza" */;
			compatibilityVersion = "Xcode 3.2";
			developmentRegion = English;
			hasScannedForEncodings = 0;
			knownRegions = (
				en,
				Base,
			);
			mainGroup = 9AA9EF081D3DBD6E00593E98;
			productRefGroup = 9AA9EF121D3DBD6F00593E98 /* Products */;
			projectDirPath = "";
			projectRoot = "";
			targets = (
				9AA9EF101D3DBD6E00593E98 /* Pizza */,
				9AA9EF241D3DBD6F00593E98 /* PizzaTests */,
				9AA9EF2F1D3DBD6F00593E98 /* PizzaUITests */,
			);
		};
/* End PBXProject section */

/* Begin PBXResourcesBuildPhase section */
		9AA9EF0F1D3DBD6E00593E98 /* Resources */ = {
			isa = PBXResourcesBuildPhase;
			buildActionMask = 2147483647;
			files = (
				9AA9EF1F1D3DBD6F00593E98 /* LaunchScreen.storyboard in Resources */,
				9AA9EF1C1D3DBD6F00593E98 /* Assets.xcassets in Resources */,
				9AA9EF1A1D3DBD6F00593E98 /* Main.storyboard in Resources */,
			);
			runOnlyForDeploymentPostprocessing = 0;
		};
		9AA9EF231D3DBD6F00593E98 /* Resources */ = {
			isa = PBXResourcesBuildPhase;
			buildActionMask = 2147483647;
			files = (
			);
			runOnlyForDeploymentPostprocessing = 0;
		};
		9AA9EF2E1D3DBD6F00593E98 /* Resources */ = {
			isa = PBXResourcesBuildPhase;
			buildActionMask = 2147483647;
			files = (
			);
			runOnlyForDeploymentPostprocessing = 0;
		};
/* End PBXResourcesBuildPhase section */

/* Begin PBXSourcesBuildPhase section */
		9AA9EF0D1D3DBD6E00593E98 /* Sources */ = {
			isa = PBXSourcesBuildPhase;
			buildActionMask = 2147483647;
			files = (
				853CB8881D41DA91009C99DB /* FourthViewController.swift in Sources */,
				9AC852581D41AFF80052A947 /* CustomerOrder.swift in Sources */,
				853CB8861D41D266009C99DB /* ThirdViewControlerViewController.swift in Sources */,
				9AC852561D41A50B0052A947 /* SecondViewController.swift in Sources */,
				9AA9EF171D3DBD6F00593E98 /* ViewController.swift in Sources */,
				9AA9EF151D3DBD6F00593E98 /* AppDelegate.swift in Sources */,
			);
			runOnlyForDeploymentPostprocessing = 0;
		};
		9AA9EF211D3DBD6F00593E98 /* Sources */ = {
			isa = PBXSourcesBuildPhase;
			buildActionMask = 2147483647;
			files = (
				9AA9EF2A1D3DBD6F00593E98 /* PizzaTests.swift in Sources */,
			);
			runOnlyForDeploymentPostprocessing = 0;
		};
		9AA9EF2C1D3DBD6F00593E98 /* Sources */ = {
			isa = PBXSourcesBuildPhase;
			buildActionMask = 2147483647;
			files = (
				9AA9EF351D3DBD6F00593E98 /* PizzaUITests.swift in Sources */,
			);
			runOnlyForDeploymentPostprocessing = 0;
		};
/* End PBXSourcesBuildPhase section */

/* Begin PBXTargetDependency section */
		9AA9EF271D3DBD6F00593E98 /* PBXTargetDependency */ = {
			isa = PBXTargetDependency;
			target = 9AA9EF101D3DBD6E00593E98 /* Pizza */;
			targetProxy = 9AA9EF261D3DBD6F00593E98 /* PBXContainerItemProxy */;
		};
		9AA9EF321D3DBD6F00593E98 /* PBXTargetDependency */ = {
			isa = PBXTargetDependency;
			target = 9AA9EF101D3DBD6E00593E98 /* Pizza */;
			targetProxy = 9AA9EF311D3DBD6F00593E98 /* PBXContainerItemProxy */;
		};
/* End PBXTargetDependency section */

/* Begin PBXVariantGroup section */
		9AA9EF181D3DBD6F00593E98 /* Main.storyboard */ = {
			isa = PBXVariantGroup;
			children = (
				9AA9EF191D3DBD6F00593E98 /* Base */,
			);
			name = Main.storyboard;
			sourceTree = "<group>";
		};
		9AA9EF1D1D3DBD6F00593E98 /* LaunchScreen.storyboard */ = {
			isa = PBXVariantGroup;
			children = (
				9AA9EF1E1D3DBD6F00593E98 /* Base */,
			);
			name = LaunchScreen.storyboard;
			sourceTree = "<group>";
		};
/* End PBXVariantGroup section */

/* Begin XCBuildConfiguration section */
		9AA9EF371D3DBD6F00593E98 /* Debug */ = {
			isa = XCBuildConfiguration;
			buildSettings = {
				ALWAYS_SEARCH_USER_PATHS = NO;
				CLANG_ANALYZER_NONNULL = YES;
				CLANG_CXX_LANGUAGE_STANDARD = "gnu++0x";
				CLANG_CXX_LIBRARY = "libc++";
				CLANG_ENABLE_MODULES = YES;
				CLANG_ENABLE_OBJC_ARC = YES;
				CLANG_WARN_BOOL_CONVERSION = YES;
				CLANG_WARN_CONSTANT_CONVERSION = YES;
				CLANG_WARN_DIRECT_OBJC_ISA_USAGE = YES_ERROR;
				CLANG_WARN_EMPTY_BODY = YES;
				CLANG_WARN_ENUM_CONVERSION = YES;
				CLANG_WARN_INT_CONVERSION = YES;
				CLANG_WARN_OBJC_ROOT_CLASS = YES_ERROR;
				CLANG_WARN_UNREACHABLE_CODE = YES;
				CLANG_WARN__DUPLICATE_METHOD_MATCH = YES;
				"CODE_SIGN_IDENTITY[sdk=iphoneos*]" = "iPhone Developer";
				COPY_PHASE_STRIP = NO;
				DEBUG_INFORMATION_FORMAT = dwarf;
				ENABLE_STRICT_OBJC_MSGSEND = YES;
				ENABLE_TESTABILITY = YES;
				GCC_C_LANGUAGE_STANDARD = gnu99;
				GCC_DYNAMIC_NO_PIC = NO;
				GCC_NO_COMMON_BLOCKS = YES;
				GCC_OPTIMIZATION_LEVEL = 0;
				GCC_PREPROCESSOR_DEFINITIONS = (
					"DEBUG=1",
					"$(inherited)",
				);
				GCC_WARN_64_TO_32_BIT_CONVERSION = YES;
				GCC_WARN_ABOUT_RETURN_TYPE = YES_ERROR;
				GCC_WARN_UNDECLARED_SELECTOR = YES;
				GCC_WARN_UNINITIALIZED_AUTOS = YES_AGGRESSIVE;
				GCC_WARN_UNUSED_FUNCTION = YES;
				GCC_WARN_UNUSED_VARIABLE = YES;
				IPHONEOS_DEPLOYMENT_TARGET = 9.3;
				MTL_ENABLE_DEBUG_INFO = YES;
				ONLY_ACTIVE_ARCH = YES;
				SDKROOT = iphoneos;
				SWIFT_OPTIMIZATION_LEVEL = "-Onone";
				TARGETED_DEVICE_FAMILY = "1,2";
			};
			name = Debug;
		};
		9AA9EF381D3DBD6F00593E98 /* Release */ = {
			isa = XCBuildConfiguration;
			buildSettings = {
				ALWAYS_SEARCH_USER_PATHS = NO;
				CLANG_ANALYZER_NONNULL = YES;
				CLANG_CXX_LANGUAGE_STANDARD = "gnu++0x";
				CLANG_CXX_LIBRARY = "libc++";
				CLANG_ENABLE_MODULES = YES;
				CLANG_ENABLE_OBJC_ARC = YES;
				CLANG_WARN_BOOL_CONVERSION = YES;
				CLANG_WARN_CONSTANT_CONVERSION = YES;
				CLANG_WARN_DIRECT_OBJC_ISA_USAGE = YES_ERROR;
				CLANG_WARN_EMPTY_BODY = YES;
				CLANG_WARN_ENUM_CONVERSION = YES;
				CLANG_WARN_INT_CONVERSION = YES;
				CLANG_WARN_OBJC_ROOT_CLASS = YES_ERROR;
				CLANG_WARN_UNREACHABLE_CODE = YES;
				CLANG_WARN__DUPLICATE_METHOD_MATCH = YES;
				"CODE_SIGN_IDENTITY[sdk=iphoneos*]" = "iPhone Developer";
				COPY_PHASE_STRIP = NO;
				DEBUG_INFORMATION_FORMAT = "dwarf-with-dsym";
				ENABLE_NS_ASSERTIONS = NO;
				ENABLE_STRICT_OBJC_MSGSEND = YES;
				GCC_C_LANGUAGE_STANDARD = gnu99;
				GCC_NO_COMMON_BLOCKS = YES;
				GCC_WARN_64_TO_32_BIT_CONVERSION = YES;
				GCC_WARN_ABOUT_RETURN_TYPE = YES_ERROR;
				GCC_WARN_UNDECLARED_SELECTOR = YES;
				GCC_WARN_UNINITIALIZED_AUTOS = YES_AGGRESSIVE;
				GCC_WARN_UNUSED_FUNCTION = YES;
				GCC_WARN_UNUSED_VARIABLE = YES;
				IPHONEOS_DEPLOYMENT_TARGET = 9.3;
				MTL_ENABLE_DEBUG_INFO = NO;
				SDKROOT = iphoneos;
				TARGETED_DEVICE_FAMILY = "1,2";
				VALIDATE_PRODUCT = YES;
			};
			name = Release;
		};
		9AA9EF3A1D3DBD6F00593E98 /* Debug */ = {
			isa = XCBuildConfiguration;
			buildSettings = {
				ASSETCATALOG_COMPILER_APPICON_NAME = AppIcon;
				INFOPLIST_FILE = Pizza/Info.plist;
				LD_RUNPATH_SEARCH_PATHS = "$(inherited) @executable_path/Frameworks";
				PRODUCT_BUNDLE_IDENTIFIER = HCI.Pizza;
				PRODUCT_NAME = "$(TARGET_NAME)";
			};
			name = Debug;
		};
		9AA9EF3B1D3DBD6F00593E98 /* Release */ = {
			isa = XCBuildConfiguration;
			buildSettings = {
				ASSETCATALOG_COMPILER_APPICON_NAME = AppIcon;
				INFOPLIST_FILE = Pizza/Info.plist;
				LD_RUNPATH_SEARCH_PATHS = "$(inherited) @executable_path/Frameworks";
				PRODUCT_BUNDLE_IDENTIFIER = HCI.Pizza;
				PRODUCT_NAME = "$(TARGET_NAME)";
			};
			name = Release;
		};
		9AA9EF3D1D3DBD6F00593E98 /* Debug */ = {
			isa = XCBuildConfiguration;
			buildSettings = {
				BUNDLE_LOADER = "$(TEST_HOST)";
				INFOPLIST_FILE = PizzaTests/Info.plist;
				LD_RUNPATH_SEARCH_PATHS = "$(inherited) @executable_path/Frameworks @loader_path/Frameworks";
				PRODUCT_BUNDLE_IDENTIFIER = HCI.PizzaTests;
				PRODUCT_NAME = "$(TARGET_NAME)";
				TEST_HOST = "$(BUILT_PRODUCTS_DIR)/Pizza.app/Pizza";
			};
			name = Debug;
		};
		9AA9EF3E1D3DBD6F00593E98 /* Release */ = {
			isa = XCBuildConfiguration;
			buildSettings = {
				BUNDLE_LOADER = "$(TEST_HOST)";
				INFOPLIST_FILE = PizzaTests/Info.plist;
				LD_RUNPATH_SEARCH_PATHS = "$(inherited) @executable_path/Frameworks @loader_path/Frameworks";
				PRODUCT_BUNDLE_IDENTIFIER = HCI.PizzaTests;
				PRODUCT_NAME = "$(TARGET_NAME)";
				TEST_HOST = "$(BUILT_PRODUCTS_DIR)/Pizza.app/Pizza";
			};
			name = Release;
		};
		9AA9EF401D3DBD6F00593E98 /* Debug */ = {
			isa = XCBuildConfiguration;
			buildSettings = {
				INFOPLIST_FILE = PizzaUITests/Info.plist;
				LD_RUNPATH_SEARCH_PATHS = "$(inherited) @executable_path/Frameworks @loader_path/Frameworks";
				PRODUCT_BUNDLE_IDENTIFIER = HCI.PizzaUITests;
				PRODUCT_NAME = "$(TARGET_NAME)";
				TEST_TARGET_NAME = Pizza;
			};
			name = Debug;
		};
		9AA9EF411D3DBD6F00593E98 /* Release */ = {
			isa = XCBuildConfiguration;
			buildSettings = {
				INFOPLIST_FILE = PizzaUITests/Info.plist;
				LD_RUNPATH_SEARCH_PATHS = "$(inherited) @executable_path/Frameworks @loader_path/Frameworks";
				PRODUCT_BUNDLE_IDENTIFIER = HCI.PizzaUITests;
				PRODUCT_NAME = "$(TARGET_NAME)";
				TEST_TARGET_NAME = Pizza;
			};
			name = Release;
		};
/* End XCBuildConfiguration section */

/* Begin XCConfigurationList section */
		9AA9EF0C1D3DBD6E00593E98 /* Build configuration list for PBXProject "Pizza" */ = {
			isa = XCConfigurationList;
			buildConfigurations = (
				9AA9EF371D3DBD6F00593E98 /* Debug */,
				9AA9EF381D3DBD6F00593E98 /* Release */,
			);
			defaultConfigurationIsVisible = 0;
			defaultConfigurationName = Release;
		};
		9AA9EF391D3DBD6F00593E98 /* Build configuration list for PBXNativeTarget "Pizza" */ = {
			isa = XCConfigurationList;
			buildConfigurations = (
				9AA9EF3A1D3DBD6F00593E98 /* Debug */,
				9AA9EF3B1D3DBD6F00593E98 /* Release */,
			);
			defaultConfigurationIsVisible = 0;
			defaultConfigurationName = Release;
		};
		9AA9EF3C1D3DBD6F00593E98 /* Build configuration list for PBXNativeTarget "PizzaTests" */ = {
			isa = XCConfigurationList;
			buildConfigurations = (
				9AA9EF3D1D3DBD6F00593E98 /* Debug */,
				9AA9EF3E1D3DBD6F00593E98 /* Release */,
			);
			defaultConfigurationIsVisible = 0;
			defaultConfigurationName = Release;
		};
		9AA9EF3F1D3DBD6F00593E98 /* Build configuration list for PBXNativeTarget "PizzaUITests" */ = {
			isa = XCConfigurationList;
			buildConfigurations = (
				9AA9EF401D3DBD6F00593E98 /* Debug */,
				9AA9EF411D3DBD6F00593E98 /* Release */,
			);
			defaultConfigurationIsVisible = 0;
			defaultConfigurationName = Release;
		};
/* End XCConfigurationList section */
	};
	rootObject = 9AA9EF091D3DBD6E00593E98 /* Project object */;
}
